// !$*UTF8*$!
{
	archiveVersion = 1;
	classes = {
	};
	objectVersion = 50;
	objects = {

/* Begin PBXBuildFile section */
		1820AE2E246150170013D59C /* AppDelegate.swift in Sources */ = {isa = PBXBuildFile; fileRef = 1820AE2D246150170013D59C /* AppDelegate.swift */; };
		1820AE30246150170013D59C /* SceneDelegate.swift in Sources */ = {isa = PBXBuildFile; fileRef = 1820AE2F246150170013D59C /* SceneDelegate.swift */; };
		1820AE32246150170013D59C /* ViewController.swift in Sources */ = {isa = PBXBuildFile; fileRef = 1820AE31246150170013D59C /* ViewController.swift */; };
		1820AE35246150170013D59C /* Main.storyboard in Resources */ = {isa = PBXBuildFile; fileRef = 1820AE33246150170013D59C /* Main.storyboard */; };
		1820AE38246150180013D59C /* COreDataExample.xcdatamodeld in Sources */ = {isa = PBXBuildFile; fileRef = 1820AE36246150180013D59C /* COreDataExample.xcdatamodeld */; };
		1820AE3A2461501A0013D59C /* Assets.xcassets in Resources */ = {isa = PBXBuildFile; fileRef = 1820AE392461501A0013D59C /* Assets.xcassets */; };
		1820AE3D2461501A0013D59C /* LaunchScreen.storyboard in Resources */ = {isa = PBXBuildFile; fileRef = 1820AE3B2461501A0013D59C /* LaunchScreen.storyboard */; };
		1820AE472461592D0013D59C /* CloudKit.framework in Frameworks */ = {isa = PBXBuildFile; fileRef = 1820AE462461592D0013D59C /* CloudKit.framework */; };
		18445EE82463EDC900F8AD63 /* Interface.storyboard in Resources */ = {isa = PBXBuildFile; fileRef = 18445EE62463EDC900F8AD63 /* Interface.storyboard */; };
		18445EEA2463EDCE00F8AD63 /* Assets.xcassets in Resources */ = {isa = PBXBuildFile; fileRef = 18445EE92463EDCE00F8AD63 /* Assets.xcassets */; };
		18445EF12463EDCE00F8AD63 /* CoreDataExampleWatch Extension.appex in Embed App Extensions */ = {isa = PBXBuildFile; fileRef = 18445EF02463EDCE00F8AD63 /* CoreDataExampleWatch Extension.appex */; settings = {ATTRIBUTES = (RemoveHeadersOnCopy, ); }; };
		18445EF62463EDCE00F8AD63 /* InterfaceController.swift in Sources */ = {isa = PBXBuildFile; fileRef = 18445EF52463EDCE00F8AD63 /* InterfaceController.swift */; };
		18445EF82463EDCE00F8AD63 /* ExtensionDelegate.swift in Sources */ = {isa = PBXBuildFile; fileRef = 18445EF72463EDCE00F8AD63 /* ExtensionDelegate.swift */; };
		18445EFA2463EDCE00F8AD63 /* NotificationController.swift in Sources */ = {isa = PBXBuildFile; fileRef = 18445EF92463EDCE00F8AD63 /* NotificationController.swift */; };
		18445EFC2463EDD000F8AD63 /* Assets.xcassets in Resources */ = {isa = PBXBuildFile; fileRef = 18445EFB2463EDD000F8AD63 /* Assets.xcassets */; };
		18445F012463EDD000F8AD63 /* CoreDataExampleWatch.app in Embed Watch Content */ = {isa = PBXBuildFile; fileRef = 18445EE42463EDC900F8AD63 /* CoreDataExampleWatch.app */; settings = {ATTRIBUTES = (RemoveHeadersOnCopy, ); }; };
		18445F0C2463EF7D00F8AD63 /* CloudKit.framework in Frameworks */ = {isa = PBXBuildFile; fileRef = 18445F0B2463EF7D00F8AD63 /* CloudKit.framework */; };
		18445F0E2463EFFA00F8AD63 /* CoreDataStack.swift in Sources */ = {isa = PBXBuildFile; fileRef = 18445F0D2463EFFA00F8AD63 /* CoreDataStack.swift */; };
		18445F0F2463F19600F8AD63 /* CoreDataStack.swift in Sources */ = {isa = PBXBuildFile; fileRef = 18445F0D2463EFFA00F8AD63 /* CoreDataStack.swift */; };
		18445F112463FA0A00F8AD63 /* CoreDataModel.swift in Sources */ = {isa = PBXBuildFile; fileRef = 18445F102463FA0A00F8AD63 /* CoreDataModel.swift */; };
		18445F122463FB6400F8AD63 /* COreDataExample.xcdatamodeld in Sources */ = {isa = PBXBuildFile; fileRef = 1820AE36246150180013D59C /* COreDataExample.xcdatamodeld */; };
/* End PBXBuildFile section */

/* Begin PBXContainerItemProxy section */
		18445EF22463EDCE00F8AD63 /* PBXContainerItemProxy */ = {
			isa = PBXContainerItemProxy;
			containerPortal = 1820AE22246150170013D59C /* Project object */;
			proxyType = 1;
			remoteGlobalIDString = 18445EEF2463EDCE00F8AD63;
			remoteInfo = "CoreDataExampleWatch Extension";
		};
		18445EFF2463EDD000F8AD63 /* PBXContainerItemProxy */ = {
			isa = PBXContainerItemProxy;
			containerPortal = 1820AE22246150170013D59C /* Project object */;
			proxyType = 1;
			remoteGlobalIDString = 18445EE32463EDC900F8AD63;
			remoteInfo = CoreDataExampleWatch;
		};
/* End PBXContainerItemProxy section */

/* Begin PBXCopyFilesBuildPhase section */
		18445F022463EDD000F8AD63 /* Embed Watch Content */ = {
			isa = PBXCopyFilesBuildPhase;
			buildActionMask = 2147483647;
			dstPath = "$(CONTENTS_FOLDER_PATH)/Watch";
			dstSubfolderSpec = 16;
			files = (
				18445F012463EDD000F8AD63 /* CoreDataExampleWatch.app in Embed Watch Content */,
			);
			name = "Embed Watch Content";
			runOnlyForDeploymentPostprocessing = 0;
		};
		18445F052463EDD000F8AD63 /* Embed App Extensions */ = {
			isa = PBXCopyFilesBuildPhase;
			buildActionMask = 2147483647;
			dstPath = "";
			dstSubfolderSpec = 13;
			files = (
				18445EF12463EDCE00F8AD63 /* CoreDataExampleWatch Extension.appex in Embed App Extensions */,
			);
			name = "Embed App Extensions";
			runOnlyForDeploymentPostprocessing = 0;
		};
/* End PBXCopyFilesBuildPhase section */

/* Begin PBXFileReference section */
		1820AE2A246150170013D59C /* COreDataExample.app */ = {isa = PBXFileReference; explicitFileType = wrapper.application; includeInIndex = 0; path = COreDataExample.app; sourceTree = BUILT_PRODUCTS_DIR; };
		1820AE2D246150170013D59C /* AppDelegate.swift */ = {isa = PBXFileReference; lastKnownFileType = sourcecode.swift; path = AppDelegate.swift; sourceTree = "<group>"; };
		1820AE2F246150170013D59C /* SceneDelegate.swift */ = {isa = PBXFileReference; lastKnownFileType = sourcecode.swift; path = SceneDelegate.swift; sourceTree = "<group>"; };
		1820AE31246150170013D59C /* ViewController.swift */ = {isa = PBXFileReference; lastKnownFileType = sourcecode.swift; path = ViewController.swift; sourceTree = "<group>"; };
		1820AE34246150170013D59C /* Base */ = {isa = PBXFileReference; lastKnownFileType = file.storyboard; name = Base; path = Base.lproj/Main.storyboard; sourceTree = "<group>"; };
		1820AE37246150180013D59C /* COreDataExample.xcdatamodel */ = {isa = PBXFileReference; lastKnownFileType = wrapper.xcdatamodel; path = COreDataExample.xcdatamodel; sourceTree = "<group>"; };
		1820AE392461501A0013D59C /* Assets.xcassets */ = {isa = PBXFileReference; lastKnownFileType = folder.assetcatalog; path = Assets.xcassets; sourceTree = "<group>"; };
		1820AE3C2461501A0013D59C /* Base */ = {isa = PBXFileReference; lastKnownFileType = file.storyboard; name = Base; path = Base.lproj/LaunchScreen.storyboard; sourceTree = "<group>"; };
		1820AE3E2461501A0013D59C /* Info.plist */ = {isa = PBXFileReference; lastKnownFileType = text.plist.xml; path = Info.plist; sourceTree = "<group>"; };
		1820AE44246158F10013D59C /* COreDataExample.entitlements */ = {isa = PBXFileReference; lastKnownFileType = text.plist.entitlements; path = COreDataExample.entitlements; sourceTree = "<group>"; };
		1820AE462461592D0013D59C /* CloudKit.framework */ = {isa = PBXFileReference; lastKnownFileType = wrapper.framework; name = CloudKit.framework; path = System/Library/Frameworks/CloudKit.framework; sourceTree = SDKROOT; };
		18445EE42463EDC900F8AD63 /* CoreDataExampleWatch.app */ = {isa = PBXFileReference; explicitFileType = wrapper.application; includeInIndex = 0; path = CoreDataExampleWatch.app; sourceTree = BUILT_PRODUCTS_DIR; };
		18445EE72463EDC900F8AD63 /* Base */ = {isa = PBXFileReference; lastKnownFileType = file.storyboard; name = Base; path = Base.lproj/Interface.storyboard; sourceTree = "<group>"; };
		18445EE92463EDCE00F8AD63 /* Assets.xcassets */ = {isa = PBXFileReference; lastKnownFileType = folder.assetcatalog; path = Assets.xcassets; sourceTree = "<group>"; };
		18445EEB2463EDCE00F8AD63 /* Info.plist */ = {isa = PBXFileReference; lastKnownFileType = text.plist.xml; path = Info.plist; sourceTree = "<group>"; };
		18445EF02463EDCE00F8AD63 /* CoreDataExampleWatch Extension.appex */ = {isa = PBXFileReference; explicitFileType = "wrapper.app-extension"; includeInIndex = 0; path = "CoreDataExampleWatch Extension.appex"; sourceTree = BUILT_PRODUCTS_DIR; };
		18445EF52463EDCE00F8AD63 /* InterfaceController.swift */ = {isa = PBXFileReference; lastKnownFileType = sourcecode.swift; path = InterfaceController.swift; sourceTree = "<group>"; };
		18445EF72463EDCE00F8AD63 /* ExtensionDelegate.swift */ = {isa = PBXFileReference; lastKnownFileType = sourcecode.swift; path = ExtensionDelegate.swift; sourceTree = "<group>"; };
		18445EF92463EDCE00F8AD63 /* NotificationController.swift */ = {isa = PBXFileReference; lastKnownFileType = sourcecode.swift; path = NotificationController.swift; sourceTree = "<group>"; };
		18445EFB2463EDD000F8AD63 /* Assets.xcassets */ = {isa = PBXFileReference; lastKnownFileType = folder.assetcatalog; path = Assets.xcassets; sourceTree = "<group>"; };
		18445EFD2463EDD000F8AD63 /* Info.plist */ = {isa = PBXFileReference; lastKnownFileType = text.plist.xml; path = Info.plist; sourceTree = "<group>"; };
		18445EFE2463EDD000F8AD63 /* PushNotificationPayload.apns */ = {isa = PBXFileReference; lastKnownFileType = text; path = PushNotificationPayload.apns; sourceTree = "<group>"; };
		18445F0A2463EF7400F8AD63 /* CoreDataExampleWatch Extension.entitlements */ = {isa = PBXFileReference; lastKnownFileType = text.plist.entitlements; path = "CoreDataExampleWatch Extension.entitlements"; sourceTree = "<group>"; };
		18445F0B2463EF7D00F8AD63 /* CloudKit.framework */ = {isa = PBXFileReference; lastKnownFileType = wrapper.framework; name = CloudKit.framework; path = Platforms/WatchOS.platform/Developer/SDKs/WatchOS6.2.sdk/System/Library/Frameworks/CloudKit.framework; sourceTree = DEVELOPER_DIR; };
		18445F0D2463EFFA00F8AD63 /* CoreDataStack.swift */ = {isa = PBXFileReference; lastKnownFileType = sourcecode.swift; path = CoreDataStack.swift; sourceTree = "<group>"; };
		18445F102463FA0A00F8AD63 /* CoreDataModel.swift */ = {isa = PBXFileReference; lastKnownFileType = sourcecode.swift; path = CoreDataModel.swift; sourceTree = "<group>"; };
/* End PBXFileReference section */

/* Begin PBXFrameworksBuildPhase section */
		1820AE27246150170013D59C /* Frameworks */ = {
			isa = PBXFrameworksBuildPhase;
			buildActionMask = 2147483647;
			files = (
				1820AE472461592D0013D59C /* CloudKit.framework in Frameworks */,
			);
			runOnlyForDeploymentPostprocessing = 0;
		};
		18445EED2463EDCE00F8AD63 /* Frameworks */ = {
			isa = PBXFrameworksBuildPhase;
			buildActionMask = 2147483647;
			files = (
				18445F0C2463EF7D00F8AD63 /* CloudKit.framework in Frameworks */,
			);
			runOnlyForDeploymentPostprocessing = 0;
		};
/* End PBXFrameworksBuildPhase section */

/* Begin PBXGroup section */
		1820AE21246150170013D59C = {
			isa = PBXGroup;
			children = (
				1820AE2C246150170013D59C /* COreDataExample */,
				18445EE52463EDC900F8AD63 /* CoreDataExampleWatch */,
				18445EF42463EDCE00F8AD63 /* CoreDataExampleWatch Extension */,
				1820AE2B246150170013D59C /* Products */,
				1820AE452461592D0013D59C /* Frameworks */,
			);
			sourceTree = "<group>";
		};
		1820AE2B246150170013D59C /* Products */ = {
			isa = PBXGroup;
			children = (
				1820AE2A246150170013D59C /* COreDataExample.app */,
				18445EE42463EDC900F8AD63 /* CoreDataExampleWatch.app */,
				18445EF02463EDCE00F8AD63 /* CoreDataExampleWatch Extension.appex */,
			);
			name = Products;
			sourceTree = "<group>";
		};
		1820AE2C246150170013D59C /* COreDataExample */ = {
			isa = PBXGroup;
			children = (
				1820AE44246158F10013D59C /* COreDataExample.entitlements */,
				1820AE2D246150170013D59C /* AppDelegate.swift */,
				1820AE2F246150170013D59C /* SceneDelegate.swift */,
				1820AE31246150170013D59C /* ViewController.swift */,
				1820AE33246150170013D59C /* Main.storyboard */,
				1820AE392461501A0013D59C /* Assets.xcassets */,
				1820AE3B2461501A0013D59C /* LaunchScreen.storyboard */,
				1820AE3E2461501A0013D59C /* Info.plist */,
				1820AE36246150180013D59C /* COreDataExample.xcdatamodeld */,
				18445F0D2463EFFA00F8AD63 /* CoreDataStack.swift */,
			);
			path = COreDataExample;
			sourceTree = "<group>";
		};
		1820AE452461592D0013D59C /* Frameworks */ = {
			isa = PBXGroup;
			children = (
				18445F0B2463EF7D00F8AD63 /* CloudKit.framework */,
				1820AE462461592D0013D59C /* CloudKit.framework */,
			);
			name = Frameworks;
			sourceTree = "<group>";
		};
		18445EE52463EDC900F8AD63 /* CoreDataExampleWatch */ = {
			isa = PBXGroup;
			children = (
				18445EE62463EDC900F8AD63 /* Interface.storyboard */,
				18445EE92463EDCE00F8AD63 /* Assets.xcassets */,
				18445EEB2463EDCE00F8AD63 /* Info.plist */,
			);
			path = CoreDataExampleWatch;
			sourceTree = "<group>";
		};
		18445EF42463EDCE00F8AD63 /* CoreDataExampleWatch Extension */ = {
			isa = PBXGroup;
			children = (
				18445F0A2463EF7400F8AD63 /* CoreDataExampleWatch Extension.entitlements */,
				18445EF52463EDCE00F8AD63 /* InterfaceController.swift */,
				18445EF72463EDCE00F8AD63 /* ExtensionDelegate.swift */,
				18445EF92463EDCE00F8AD63 /* NotificationController.swift */,
				18445EFB2463EDD000F8AD63 /* Assets.xcassets */,
				18445EFD2463EDD000F8AD63 /* Info.plist */,
				18445EFE2463EDD000F8AD63 /* PushNotificationPayload.apns */,
				18445F102463FA0A00F8AD63 /* CoreDataModel.swift */,
			);
			path = "CoreDataExampleWatch Extension";
			sourceTree = "<group>";
		};
/* End PBXGroup section */

/* Begin PBXNativeTarget section */
		1820AE29246150170013D59C /* COreDataExample */ = {
			isa = PBXNativeTarget;
			buildConfigurationList = 1820AE412461501A0013D59C /* Build configuration list for PBXNativeTarget "COreDataExample" */;
			buildPhases = (
				1820AE26246150170013D59C /* Sources */,
				1820AE27246150170013D59C /* Frameworks */,
				1820AE28246150170013D59C /* Resources */,
				18445F022463EDD000F8AD63 /* Embed Watch Content */,
			);
			buildRules = (
			);
			dependencies = (
				18445F002463EDD000F8AD63 /* PBXTargetDependency */,
			);
			name = COreDataExample;
			productName = COreDataExample;
			productReference = 1820AE2A246150170013D59C /* COreDataExample.app */;
			productType = "com.apple.product-type.application";
		};
		18445EE32463EDC900F8AD63 /* CoreDataExampleWatch */ = {
			isa = PBXNativeTarget;
			buildConfigurationList = 18445F092463EDD000F8AD63 /* Build configuration list for PBXNativeTarget "CoreDataExampleWatch" */;
			buildPhases = (
				18445EE22463EDC900F8AD63 /* Resources */,
				18445F052463EDD000F8AD63 /* Embed App Extensions */,
			);
			buildRules = (
			);
			dependencies = (
				18445EF32463EDCE00F8AD63 /* PBXTargetDependency */,
			);
			name = CoreDataExampleWatch;
			productName = CoreDataExampleWatch;
			productReference = 18445EE42463EDC900F8AD63 /* CoreDataExampleWatch.app */;
			productType = "com.apple.product-type.application.watchapp2";
		};
		18445EEF2463EDCE00F8AD63 /* CoreDataExampleWatch Extension */ = {
			isa = PBXNativeTarget;
			buildConfigurationList = 18445F082463EDD000F8AD63 /* Build configuration list for PBXNativeTarget "CoreDataExampleWatch Extension" */;
			buildPhases = (
				18445EEC2463EDCE00F8AD63 /* Sources */,
				18445EED2463EDCE00F8AD63 /* Frameworks */,
				18445EEE2463EDCE00F8AD63 /* Resources */,
			);
			buildRules = (
			);
			dependencies = (
			);
			name = "CoreDataExampleWatch Extension";
			productName = "CoreDataExampleWatch Extension";
			productReference = 18445EF02463EDCE00F8AD63 /* CoreDataExampleWatch Extension.appex */;
			productType = "com.apple.product-type.watchkit2-extension";
		};
/* End PBXNativeTarget section */

/* Begin PBXProject section */
		1820AE22246150170013D59C /* Project object */ = {
			isa = PBXProject;
			attributes = {
				LastSwiftUpdateCheck = 1140;
				LastUpgradeCheck = 1140;
				ORGANIZATIONNAME = Rohini;
				TargetAttributes = {
					1820AE29246150170013D59C = {
						CreatedOnToolsVersion = 11.4.1;
					};
					18445EE32463EDC900F8AD63 = {
						CreatedOnToolsVersion = 11.4.1;
					};
					18445EEF2463EDCE00F8AD63 = {
						CreatedOnToolsVersion = 11.4.1;
					};
				};
			};
			buildConfigurationList = 1820AE25246150170013D59C /* Build configuration list for PBXProject "COreDataExample" */;
			compatibilityVersion = "Xcode 9.3";
			developmentRegion = en;
			hasScannedForEncodings = 0;
			knownRegions = (
				en,
				Base,
			);
			mainGroup = 1820AE21246150170013D59C;
			productRefGroup = 1820AE2B246150170013D59C /* Products */;
			projectDirPath = "";
			projectRoot = "";
			targets = (
				1820AE29246150170013D59C /* COreDataExample */,
				18445EE32463EDC900F8AD63 /* CoreDataExampleWatch */,
				18445EEF2463EDCE00F8AD63 /* CoreDataExampleWatch Extension */,
			);
		};
/* End PBXProject section */

/* Begin PBXResourcesBuildPhase section */
		1820AE28246150170013D59C /* Resources */ = {
			isa = PBXResourcesBuildPhase;
			buildActionMask = 2147483647;
			files = (
				1820AE3D2461501A0013D59C /* LaunchScreen.storyboard in Resources */,
				1820AE3A2461501A0013D59C /* Assets.xcassets in Resources */,
				1820AE35246150170013D59C /* Main.storyboard in Resources */,
			);
			runOnlyForDeploymentPostprocessing = 0;
		};
		18445EE22463EDC900F8AD63 /* Resources */ = {
			isa = PBXResourcesBuildPhase;
			buildActionMask = 2147483647;
			files = (
				18445EEA2463EDCE00F8AD63 /* Assets.xcassets in Resources */,
				18445EE82463EDC900F8AD63 /* Interface.storyboard in Resources */,
			);
			runOnlyForDeploymentPostprocessing = 0;
		};
		18445EEE2463EDCE00F8AD63 /* Resources */ = {
			isa = PBXResourcesBuildPhase;
			buildActionMask = 2147483647;
			files = (
				18445EFC2463EDD000F8AD63 /* Assets.xcassets in Resources */,
			);
			runOnlyForDeploymentPostprocessing = 0;
		};
/* End PBXResourcesBuildPhase section */

/* Begin PBXSourcesBuildPhase section */
		1820AE26246150170013D59C /* Sources */ = {
			isa = PBXSourcesBuildPhase;
			buildActionMask = 2147483647;
			files = (
				18445F0E2463EFFA00F8AD63 /* CoreDataStack.swift in Sources */,
				1820AE32246150170013D59C /* ViewController.swift in Sources */,
				1820AE2E246150170013D59C /* AppDelegate.swift in Sources */,
				1820AE30246150170013D59C /* SceneDelegate.swift in Sources */,
				1820AE38246150180013D59C /* COreDataExample.xcdatamodeld in Sources */,
			);
			runOnlyForDeploymentPostprocessing = 0;
		};
		18445EEC2463EDCE00F8AD63 /* Sources */ = {
			isa = PBXSourcesBuildPhase;
			buildActionMask = 2147483647;
			files = (
				18445EFA2463EDCE00F8AD63 /* NotificationController.swift in Sources */,
				18445F122463FB6400F8AD63 /* COreDataExample.xcdatamodeld in Sources */,
				18445EF82463EDCE00F8AD63 /* ExtensionDelegate.swift in Sources */,
				18445EF62463EDCE00F8AD63 /* InterfaceController.swift in Sources */,
				18445F112463FA0A00F8AD63 /* CoreDataModel.swift in Sources */,
				18445F0F2463F19600F8AD63 /* CoreDataStack.swift in Sources */,
			);
			runOnlyForDeploymentPostprocessing = 0;
		};
/* End PBXSourcesBuildPhase section */

/* Begin PBXTargetDependency section */
		18445EF32463EDCE00F8AD63 /* PBXTargetDependency */ = {
			isa = PBXTargetDependency;
			target = 18445EEF2463EDCE00F8AD63 /* CoreDataExampleWatch Extension */;
			targetProxy = 18445EF22463EDCE00F8AD63 /* PBXContainerItemProxy */;
		};
		18445F002463EDD000F8AD63 /* PBXTargetDependency */ = {
			isa = PBXTargetDependency;
			target = 18445EE32463EDC900F8AD63 /* CoreDataExampleWatch */;
			targetProxy = 18445EFF2463EDD000F8AD63 /* PBXContainerItemProxy */;
		};
/* End PBXTargetDependency section */

/* Begin PBXVariantGroup section */
		1820AE33246150170013D59C /* Main.storyboard */ = {
			isa = PBXVariantGroup;
			children = (
				1820AE34246150170013D59C /* Base */,
			);
			name = Main.storyboard;
			sourceTree = "<group>";
		};
		1820AE3B2461501A0013D59C /* LaunchScreen.storyboard */ = {
			isa = PBXVariantGroup;
			children = (
				1820AE3C2461501A0013D59C /* Base */,
			);
			name = LaunchScreen.storyboard;
			sourceTree = "<group>";
		};
		18445EE62463EDC900F8AD63 /* Interface.storyboard */ = {
			isa = PBXVariantGroup;
			children = (
				18445EE72463EDC900F8AD63 /* Base */,
			);
			name = Interface.storyboard;
			sourceTree = "<group>";
		};
/* End PBXVariantGroup section */

/* Begin XCBuildConfiguration section */
		1820AE3F2461501A0013D59C /* Debug */ = {
			isa = XCBuildConfiguration;
			buildSettings = {
				ALWAYS_SEARCH_USER_PATHS = NO;
				CLANG_ANALYZER_NONNULL = YES;
				CLANG_ANALYZER_NUMBER_OBJECT_CONVERSION = YES_AGGRESSIVE;
				CLANG_CXX_LANGUAGE_STANDARD = "gnu++14";
				CLANG_CXX_LIBRARY = "libc++";
				CLANG_ENABLE_MODULES = YES;
				CLANG_ENABLE_OBJC_ARC = YES;
				CLANG_ENABLE_OBJC_WEAK = YES;
				CLANG_WARN_BLOCK_CAPTURE_AUTORELEASING = YES;
				CLANG_WARN_BOOL_CONVERSION = YES;
				CLANG_WARN_COMMA = YES;
				CLANG_WARN_CONSTANT_CONVERSION = YES;
				CLANG_WARN_DEPRECATED_OBJC_IMPLEMENTATIONS = YES;
				CLANG_WARN_DIRECT_OBJC_ISA_USAGE = YES_ERROR;
				CLANG_WARN_DOCUMENTATION_COMMENTS = YES;
				CLANG_WARN_EMPTY_BODY = YES;
				CLANG_WARN_ENUM_CONVERSION = YES;
				CLANG_WARN_INFINITE_RECURSION = YES;
				CLANG_WARN_INT_CONVERSION = YES;
				CLANG_WARN_NON_LITERAL_NULL_CONVERSION = YES;
				CLANG_WARN_OBJC_IMPLICIT_RETAIN_SELF = YES;
				CLANG_WARN_OBJC_LITERAL_CONVERSION = YES;
				CLANG_WARN_OBJC_ROOT_CLASS = YES_ERROR;
				CLANG_WARN_RANGE_LOOP_ANALYSIS = YES;
				CLANG_WARN_STRICT_PROTOTYPES = YES;
				CLANG_WARN_SUSPICIOUS_MOVE = YES;
				CLANG_WARN_UNGUARDED_AVAILABILITY = YES_AGGRESSIVE;
				CLANG_WARN_UNREACHABLE_CODE = YES;
				CLANG_WARN__DUPLICATE_METHOD_MATCH = YES;
				COPY_PHASE_STRIP = NO;
				DEBUG_INFORMATION_FORMAT = dwarf;
				ENABLE_STRICT_OBJC_MSGSEND = YES;
				ENABLE_TESTABILITY = YES;
				GCC_C_LANGUAGE_STANDARD = gnu11;
				GCC_DYNAMIC_NO_PIC = NO;
				GCC_NO_COMMON_BLOCKS = YES;
				GCC_OPTIMIZATION_LEVEL = 0;
				GCC_PREPROCESSOR_DEFINITIONS = (
					"DEBUG=1",
					"$(inherited)",
				);
				GCC_WARN_64_TO_32_BIT_CONVERSION = YES;
				GCC_WARN_ABOUT_RETURN_TYPE = YES_ERROR;
				GCC_WARN_UNDECLARED_SELECTOR = YES;
				GCC_WARN_UNINITIALIZED_AUTOS = YES_AGGRESSIVE;
				GCC_WARN_UNUSED_FUNCTION = YES;
				GCC_WARN_UNUSED_VARIABLE = YES;
				IPHONEOS_DEPLOYMENT_TARGET = 13.4;
				MTL_ENABLE_DEBUG_INFO = INCLUDE_SOURCE;
				MTL_FAST_MATH = YES;
				ONLY_ACTIVE_ARCH = YES;
				SDKROOT = iphoneos;
				SWIFT_ACTIVE_COMPILATION_CONDITIONS = DEBUG;
				SWIFT_OPTIMIZATION_LEVEL = "-Onone";
			};
			name = Debug;
		};
		1820AE402461501A0013D59C /* Release */ = {
			isa = XCBuildConfiguration;
			buildSettings = {
				ALWAYS_SEARCH_USER_PATHS = NO;
				CLANG_ANALYZER_NONNULL = YES;
				CLANG_ANALYZER_NUMBER_OBJECT_CONVERSION = YES_AGGRESSIVE;
				CLANG_CXX_LANGUAGE_STANDARD = "gnu++14";
				CLANG_CXX_LIBRARY = "libc++";
				CLANG_ENABLE_MODULES = YES;
				CLANG_ENABLE_OBJC_ARC = YES;
				CLANG_ENABLE_OBJC_WEAK = YES;
				CLANG_WARN_BLOCK_CAPTURE_AUTORELEASING = YES;
				CLANG_WARN_BOOL_CONVERSION = YES;
				CLANG_WARN_COMMA = YES;
				CLANG_WARN_CONSTANT_CONVERSION = YES;
				CLANG_WARN_DEPRECATED_OBJC_IMPLEMENTATIONS = YES;
				CLANG_WARN_DIRECT_OBJC_ISA_USAGE = YES_ERROR;
				CLANG_WARN_DOCUMENTATION_COMMENTS = YES;
				CLANG_WARN_EMPTY_BODY = YES;
				CLANG_WARN_ENUM_CONVERSION = YES;
				CLANG_WARN_INFINITE_RECURSION = YES;
				CLANG_WARN_INT_CONVERSION = YES;
				CLANG_WARN_NON_LITERAL_NULL_CONVERSION = YES;
				CLANG_WARN_OBJC_IMPLICIT_RETAIN_SELF = YES;
				CLANG_WARN_OBJC_LITERAL_CONVERSION = YES;
				CLANG_WARN_OBJC_ROOT_CLASS = YES_ERROR;
				CLANG_WARN_RANGE_LOOP_ANALYSIS = YES;
				CLANG_WARN_STRICT_PROTOTYPES = YES;
				CLANG_WARN_SUSPICIOUS_MOVE = YES;
				CLANG_WARN_UNGUARDED_AVAILABILITY = YES_AGGRESSIVE;
				CLANG_WARN_UNREACHABLE_CODE = YES;
				CLANG_WARN__DUPLICATE_METHOD_MATCH = YES;
				COPY_PHASE_STRIP = NO;
				DEBUG_INFORMATION_FORMAT = "dwarf-with-dsym";
				ENABLE_NS_ASSERTIONS = NO;
				ENABLE_STRICT_OBJC_MSGSEND = YES;
				GCC_C_LANGUAGE_STANDARD = gnu11;
				GCC_NO_COMMON_BLOCKS = YES;
				GCC_WARN_64_TO_32_BIT_CONVERSION = YES;
				GCC_WARN_ABOUT_RETURN_TYPE = YES_ERROR;
				GCC_WARN_UNDECLARED_SELECTOR = YES;
				GCC_WARN_UNINITIALIZED_AUTOS = YES_AGGRESSIVE;
				GCC_WARN_UNUSED_FUNCTION = YES;
				GCC_WARN_UNUSED_VARIABLE = YES;
				IPHONEOS_DEPLOYMENT_TARGET = 13.4;
				MTL_ENABLE_DEBUG_INFO = NO;
				MTL_FAST_MATH = YES;
				SDKROOT = iphoneos;
				SWIFT_COMPILATION_MODE = wholemodule;
				SWIFT_OPTIMIZATION_LEVEL = "-O";
				VALIDATE_PRODUCT = YES;
			};
			name = Release;
		};
		1820AE422461501A0013D59C /* Debug */ = {
			isa = XCBuildConfiguration;
			buildSettings = {
				ASSETCATALOG_COMPILER_APPICON_NAME = AppIcon;
				CODE_SIGN_ENTITLEMENTS = COreDataExample/COreDataExample.entitlements;
				CODE_SIGN_IDENTITY = "Apple Development";
				CODE_SIGN_STYLE = Automatic;
				DEVELOPMENT_TEAM = B2TWTY7FP9;
				INFOPLIST_FILE = COreDataExample/Info.plist;
				IPHONEOS_DEPLOYMENT_TARGET = 13.1;
				LD_RUNPATH_SEARCH_PATHS = (
					"$(inherited)",
					"@executable_path/Frameworks",
				);
				PRODUCT_BUNDLE_IDENTIFIER = com.rohini.COreDataExample;
				PRODUCT_NAME = "$(TARGET_NAME)";
				PROVISIONING_PROFILE_SPECIFIER = "";
				SWIFT_VERSION = 5.0;
				TARGETED_DEVICE_FAMILY = "1,2";
			};
			name = Debug;
		};
		1820AE432461501A0013D59C /* Release */ = {
			isa = XCBuildConfiguration;
			buildSettings = {
				ASSETCATALOG_COMPILER_APPICON_NAME = AppIcon;
				CODE_SIGN_ENTITLEMENTS = COreDataExample/COreDataExample.entitlements;
				CODE_SIGN_IDENTITY = "Apple Development";
				CODE_SIGN_STYLE = Automatic;
				DEVELOPMENT_TEAM = B2TWTY7FP9;
				INFOPLIST_FILE = COreDataExample/Info.plist;
				IPHONEOS_DEPLOYMENT_TARGET = 13.1;
				LD_RUNPATH_SEARCH_PATHS = (
					"$(inherited)",
					"@executable_path/Frameworks",
				);
				PRODUCT_BUNDLE_IDENTIFIER = com.rohini.COreDataExample;
				PRODUCT_NAME = "$(TARGET_NAME)";
				PROVISIONING_PROFILE_SPECIFIER = "";
				SWIFT_VERSION = 5.0;
				TARGETED_DEVICE_FAMILY = "1,2";
			};
			name = Release;
		};
		18445F032463EDD000F8AD63 /* Debug */ = {
			isa = XCBuildConfiguration;
			buildSettings = {
				ALWAYS_EMBED_SWIFT_STANDARD_LIBRARIES = YES;
				ASSETCATALOG_COMPILER_APPICON_NAME = AppIcon;
				CODE_SIGN_IDENTITY = "Apple Development";
				CODE_SIGN_STYLE = Automatic;
				DEVELOPMENT_TEAM = B2TWTY7FP9;
				IBSC_MODULE = CoreDataExampleWatch_Extension;
				INFOPLIST_FILE = CoreDataExampleWatch/Info.plist;
				PRODUCT_BUNDLE_IDENTIFIER = com.rohini.COreDataExample.watchkitapp;
				PRODUCT_NAME = "$(TARGET_NAME)";
				SDKROOT = watchos;
				SKIP_INSTALL = YES;
				SWIFT_VERSION = 5.0;
				TARGETED_DEVICE_FAMILY = 4;
				WATCHOS_DEPLOYMENT_TARGET = 6.1;
			};
			name = Debug;
		};
		18445F042463EDD000F8AD63 /* Release */ = {
			isa = XCBuildConfiguration;
			buildSettings = {
				ALWAYS_EMBED_SWIFT_STANDARD_LIBRARIES = YES;
				ASSETCATALOG_COMPILER_APPICON_NAME = AppIcon;
				CODE_SIGN_IDENTITY = "Apple Development";
				CODE_SIGN_STYLE = Automatic;
				DEVELOPMENT_TEAM = B2TWTY7FP9;
				IBSC_MODULE = CoreDataExampleWatch_Extension;
				INFOPLIST_FILE = CoreDataExampleWatch/Info.plist;
				PRODUCT_BUNDLE_IDENTIFIER = com.rohini.COreDataExample.watchkitapp;
				PRODUCT_NAME = "$(TARGET_NAME)";
				SDKROOT = watchos;
				SKIP_INSTALL = YES;
				SWIFT_VERSION = 5.0;
				TARGETED_DEVICE_FAMILY = 4;
				WATCHOS_DEPLOYMENT_TARGET = 6.1;
			};
			name = Release;
		};
		18445F062463EDD000F8AD63 /* Debug */ = {
			isa = XCBuildConfiguration;
			buildSettings = {
				ASSETCATALOG_COMPILER_COMPLICATION_NAME = Complication;
				CODE_SIGN_ENTITLEMENTS = "CoreDataExampleWatch Extension/CoreDataExampleWatch Extension.entitlements";
				CODE_SIGN_STYLE = Automatic;
				DEVELOPMENT_TEAM = B2TWTY7FP9;
				INFOPLIST_FILE = "CoreDataExampleWatch Extension/Info.plist";
				LD_RUNPATH_SEARCH_PATHS = (
					"$(inherited)",
					"@executable_path/Frameworks",
					"@executable_path/../../Frameworks",
				);
				PRODUCT_BUNDLE_IDENTIFIER = com.rohini.COreDataExample.watchkitapp.watchkitextension;
				PRODUCT_NAME = "${TARGET_NAME}";
				SDKROOT = watchos;
				SKIP_INSTALL = YES;
				SWIFT_VERSION = 5.0;
				TARGETED_DEVICE_FAMILY = 4;
				WATCHOS_DEPLOYMENT_TARGET = 6.1;
			};
			name = Debug;
		};
		18445F072463EDD000F8AD63 /* Release */ = {
			isa = XCBuildConfiguration;
			buildSettings = {
				ASSETCATALOG_COMPILER_COMPLICATION_NAME = Complication;
				CODE_SIGN_ENTITLEMENTS = "CoreDataExampleWatch Extension/CoreDataExampleWatch Extension.entitlements";
				CODE_SIGN_STYLE = Automatic;
				DEVELOPMENT_TEAM = B2TWTY7FP9;
				INFOPLIST_FILE = "CoreDataExampleWatch Extension/Info.plist";
				LD_RUNPATH_SEARCH_PATHS = (
					"$(inherited)",
					"@executable_path/Frameworks",
					"@executable_path/../../Frameworks",
				);
				PRODUCT_BUNDLE_IDENTIFIER = com.rohini.COreDataExample.watchkitapp.watchkitextension;
				PRODUCT_NAME = "${TARGET_NAME}";
				SDKROOT = watchos;
				SKIP_INSTALL = YES;
				SWIFT_VERSION = 5.0;
				TARGETED_DEVICE_FAMILY = 4;
				WATCHOS_DEPLOYMENT_TARGET = 6.1;
			};
			name = Release;
		};
/* End XCBuildConfiguration section */

/* Begin XCConfigurationList section */
		1820AE25246150170013D59C /* Build configuration list for PBXProject "COreDataExample" */ = {
			isa = XCConfigurationList;
			buildConfigurations = (
				1820AE3F2461501A0013D59C /* Debug */,
				1820AE402461501A0013D59C /* Release */,
			);
			defaultConfigurationIsVisible = 0;
			defaultConfigurationName = Release;
		};
		1820AE412461501A0013D59C /* Build configuration list for PBXNativeTarget "COreDataExample" */ = {
			isa = XCConfigurationList;
			buildConfigurations = (
				1820AE422461501A0013D59C /* Debug */,
				1820AE432461501A0013D59C /* Release */,
			);
			defaultConfigurationIsVisible = 0;
			defaultConfigurationName = Release;
		};
		18445F082463EDD000F8AD63 /* Build configuration list for PBXNativeTarget "CoreDataExampleWatch Extension" */ = {
			isa = XCConfigurationList;
			buildConfigurations = (
				18445F062463EDD000F8AD63 /* Debug */,
				18445F072463EDD000F8AD63 /* Release */,
			);
			defaultConfigurationIsVisible = 0;
			defaultConfigurationName = Release;
		};
		18445F092463EDD000F8AD63 /* Build configuration list for PBXNativeTarget "CoreDataExampleWatch" */ = {
			isa = XCConfigurationList;
			buildConfigurations = (
				18445F032463EDD000F8AD63 /* Debug */,
				18445F042463EDD000F8AD63 /* Release */,
			);
			defaultConfigurationIsVisible = 0;
			defaultConfigurationName = Release;
		};
/* End XCConfigurationList section */

/* Begin XCVersionGroup section */
		1820AE36246150180013D59C /* COreDataExample.xcdatamodeld */ = {
			isa = XCVersionGroup;
			children = (
				1820AE37246150180013D59C /* COreDataExample.xcdatamodel */,
			);
			currentVersion = 1820AE37246150180013D59C /* COreDataExample.xcdatamodel */;
			path = COreDataExample.xcdatamodeld;
			sourceTree = "<group>";
			versionGroupType = wrapper.xcdatamodel;
		};
/* End XCVersionGroup section */
	};
	rootObject = 1820AE22246150170013D59C /* Project object */;
}
